{
    "name": "react-native-snap-carousel",
    "version": "3.1.0",
    "lockfileVersion": 1,
    "requires": true,
    "dependencies": {
        "babel-eslint": {
            "version": "7.2.3",
            "resolved": "https://registry.npmjs.org/babel-eslint/-/babel-eslint-7.2.3.tgz",
            "integrity": "sha1-sv4tgBJkcPXBlELcdXJTqJdxCCc=",
            "dev": true
        },
        "eslint": {
            "version": "3.19.0",
            "resolved": "https://registry.npmjs.org/eslint/-/eslint-3.19.0.tgz",
            "integrity": "sha1-yPxiAcf0DdCJQbh8CFdnOGpnmsw=",
            "dev": true
        },
        "eslint-config-standard": {
            "version": "10.2.1",
            "resolved": "https://registry.npmjs.org/eslint-config-standard/-/eslint-config-standard-10.2.1.tgz",
            "integrity": "sha1-wGHk0GbzedwXzVYsZOgZtN1FRZE=",
            "dev": true
        },
        "eslint-config-standard-react": {
            "version": "5.0.0",
            "resolved": "https://registry.npmjs.org/eslint-config-standard-react/-/eslint-config-standard-react-5.0.0.tgz",
            "integrity": "sha1-ZMe4FAFyhSvoEKU9SO6HZJ/xeOM=",
            "dev": true
        },
        "eslint-plugin-import": {
            "version": "2.3.0",
            "resolved": "https://registry.npmjs.org/eslint-plugin-import/-/eslint-plugin-import-2.3.0.tgz",
            "integrity": "sha1-N8gB4K2g4pbL3yDD85OstbUq82s=",
            "dev": true,
            "dependencies": {
                "doctrine": {
                    "version": "1.5.0",
                    "resolved": "https://registry.npmjs.org/doctrine/-/doctrine-1.5.0.tgz",
                    "integrity": "sha1-N53Ocw9hZvds76TmcHoVmwLFpvo="
                }
            }
        },
        "eslint-plugin-node": {
            "version": "5.0.0",
            "resolved": "https://registry.npmjs.org/eslint-plugin-node/-/eslint-plugin-node-5.0.0.tgz",
            "integrity": "sha512-9xERRx9V/8ciUHlTDlz9S4JiTL6Dc5oO+jKTy2mvQpxjhycpYZXzTT1t90IXjf+nAYw6/8sDnZfkeixJHxromA==",
            "dev": true
        },
        "eslint-plugin-promise": {
            "version": "3.5.0",
            "resolved": "https://registry.npmjs.org/eslint-plugin-promise/-/eslint-plugin-promise-3.5.0.tgz",
            "integrity": "sha1-ePu2/+BHIBYnVp6FpsU3OvKmj8o=",
            "dev": true
        },
        "eslint-plugin-react": {
            "version": "7.0.1",
            "resolved": "https://registry.npmjs.org/eslint-plugin-react/-/eslint-plugin-react-7.0.1.tgz",
            "integrity": "sha1-54EH4eVZxuKxd4a7Z8LioBCtDS8=",
            "dev": true
        },
        "eslint-plugin-standard": {
            "version": "3.0.1",
            "resolved": "https://registry.npmjs.org/eslint-plugin-standard/-/eslint-plugin-standard-3.0.1.tgz",
            "integrity": "sha1-NNDJFbRe3G8BA5PH7vOCOwhWXPI=",
            "dev": true
        },
        "fbjs": {
            "version": "0.8.8",
            "resolved": "https://registry.npmjs.org/fbjs/-/fbjs-0.8.8.tgz",
            "integrity": "sha1-AvG24OoNRsJOC1Gi0k3waVY6WtY="
        },
        "lodash.debounce": {
            "version": "4.0.8",
            "resolved": "https://registry.npmjs.org/lodash.debounce/-/lodash.debounce-4.0.8.tgz",
            "integrity": "sha1-gteb/zCmfEAF/9XiUVMArZyk168="
        },
        "object-assign": {
            "version": "4.1.0",
            "resolved": "https://registry.npmjs.org/object-assign/-/object-assign-4.1.0.tgz",
            "integrity": "sha1-ejs9DpgGPUP0wD8uiubNUahog6A="
        },
        "prop-types": {
            "version": "15.7.2",
            "resolved": "https://registry.npmjs.org/prop-types/-/prop-types-15.7.2.tgz",
            "integrity": "sha512-8QQikdH7//R2vurIJSutZ1smHYTcLpRWEOlHnzcWHmBYrOGUysKwSsrC89BCiFj3CbrfJ/nXFdJepOVrY1GCHQ==",
            "requires": {
                "loose-envify": "^1.4.0",
                "object-assign": "^4.1.1",
                "react-is": "^16.8.1"
            },
            "dependencies": {
                "js-tokens": {
                    "version": "4.0.0",
                    "resolved": "https://registry.npmjs.org/js-tokens/-/js-tokens-4.0.0.tgz",
                    "integrity": "sha512-RdJUflcE3cUzKiMqQgsCu06FPu9UdIJO0beYbPhHN4k6apgJtifcoCtT9bcxOpYBtpD2kCM6Sbzg4CausW/PKQ=="
                },
                "loose-envify": {
                    "version": "1.4.0",
                    "resolved": "https://registry.npmjs.org/loose-envify/-/loose-envify-1.4.0.tgz",
                    "integrity": "sha512-lyuxPGr/Wfhrlem2CL/UcnUc1zcqKAImBDzukY7Y5F/yQiNdko6+fRLevlw1HgMySw7f611UIY408EtxRSoK3Q==",
                    "requires": {
                        "js-tokens": "^3.0.0 || ^4.0.0"
                    }
                },
                "object-assign": {
                    "version": "4.1.1",
                    "resolved": "https://registry.npmjs.org/object-assign/-/object-assign-4.1.1.tgz",
                    "integrity": "sha1-IQmtx5ZYh8/AXLvUQsrIv7s2CGM="
                }
            }
        },
        "react-addons-shallow-compare": {
            "version": "15.6.0",
            "resolved": "https://registry.npmjs.org/react-addons-shallow-compare/-/react-addons-shallow-compare-15.6.0.tgz",
            "integrity": "sha1-t6Tl/58nBMIM9obdigXdCLJt4lI=",
            "requires": {
                "fbjs": "^0.8.4",
                "object-assign": "^4.1.0"
            }
        },
        "react-is": {
            "version": "16.13.1",
            "resolved": "https://registry.npmjs.org/react-is/-/react-is-16.13.1.tgz",
            "integrity": "sha512-24e6ynE2H+OKt4kqsOvNd8kBpV65zoxbA4BVsEOB3ARVWQki/DHzaUoC5KuON/BiccDaCCTZBuOcfZs70kR8bQ=="
        }
    }
}
